
Microsoft Visual Studio Solution File, Format Version 12.00
# Visual Studio Version 16
VisualStudioVersion = 16.0.29230.47
MinimumVisualStudioVersion = 10.0.40219.1
Project("{FAE04EC0-301F-11D3-BF4B-00C04F79EFBC}") = "JapaneseColors", "JapaneseColors\JapaneseColors.csproj", "{4783A2F4-3E68-419D-BE08-2C21488DF78B}"
EndProject
Project("{FAE04EC0-301F-11D3-BF4B-00C04F79EFBC}") = "BorlandOne", "BorlandOne\BorlandOne.csproj", "{888CF4CF-1E04-4E21-86D5-1C3A56CF45E2}"
EndProject
Project("{FAE04EC0-301F-11D3-BF4B-00C04F79EFBC}") = "Drill_Color", "Drill_Color\Drill_Color.csproj", "{1C6FD348-786C-4606-9490-1F6236FB066B}"
EndProject
Project("{FAE04EC0-301F-11D3-BF4B-00C04F79EFBC}") = "ConsoleCMYKGen", "ConsoleCMYKGen\ConsoleCMYKGen.csproj", "{6F7FB38E-A587-4F0C-A18C-BDF83E9BE947}"
EndProject
Project("{FAE04EC0-301F-11D3-BF4B-00C04F79EFBC}") = "ListWindows", "ListWindows\ListWindows.csproj", "{99BFB279-EACF-476A-A58F-99418CE208D6}"
EndProject
Project("{FAE04EC0-301F-11D3-BF4B-00C04F79EFBC}") = "TileWindows", "TitleWindows\TileWindows.csproj", "{DFABD91D-1A1A-4BCC-B0D4-9A6F3C5F1F07}"
EndProject
Project("{F2A71F9B-5D33-465A-A702-920D77279786}") = "ConsoleLCMandGCD", "ConsoleLCMandGCD\ConsoleLCMandGCD.fsproj", "{E63107F1-C3B7-4CA4-81B4-F4269F4188BB}"
EndProject
Project("{FAE04EC0-301F-11D3-BF4B-00C04F79EFBC}") = "FormsDrillPathGradientBrush", "FormsDrillPathGradientBrush\FormsDrillPathGradientBrush.csproj", "{C4220D64-33A1-4B41-8D8A-6F8789816909}"
EndProject
Project("{FAE04EC0-301F-11D3-BF4B-00C04F79EFBC}") = "HiraganaToRomajiConversion", "HiraganaToRomajiConversion\HiraganaToRomajiConversion.csproj", "{4ED53CB2-CEE4-4786-8AF3-968E1C47CFC9}"
EndProject
Project("{FAE04EC0-301F-11D3-BF4B-00C04F79EFBC}") = "DesktopPelmanism", "DesktopPelmanism\DesktopPelmanism.csproj", "{F70B2E45-7D33-43AB-985C-BB01CD71CCF0}"
EndProject
Project("{FAE04EC0-301F-11D3-BF4B-00C04F79EFBC}") = "ComSpex.JapaneseColors", "ComSpex.JapaneseColors\ComSpex.JapaneseColors.csproj", "{9834A198-915E-4CAF-971B-A07E627AB706}"
EndProject
Global
	GlobalSection(SolutionConfigurationPlatforms) = preSolution
		Debug|Any CPU = Debug|Any CPU
		Debug|x64 = Debug|x64
		Release|Any CPU = Release|Any CPU
		Release|x64 = Release|x64
	EndGlobalSection
	GlobalSection(ProjectConfigurationPlatforms) = postSolution
		{4783A2F4-3E68-419D-BE08-2C21488DF78B}.Debug|Any CPU.ActiveCfg = Debug|x64
		{4783A2F4-3E68-419D-BE08-2C21488DF78B}.Debug|Any CPU.Build.0 = Debug|x64
		{4783A2F4-3E68-419D-BE08-2C21488DF78B}.Debug|x64.ActiveCfg = Debug|x64
		{4783A2F4-3E68-419D-BE08-2C21488DF78B}.Debug|x64.Build.0 = Debug|x64
		{4783A2F4-3E68-419D-BE08-2C21488DF78B}.Release|Any CPU.ActiveCfg = Release|Any CPU
		{4783A2F4-3E68-419D-BE08-2C21488DF78B}.Release|Any CPU.Build.0 = Release|Any CPU
		{4783A2F4-3E68-419D-BE08-2C21488DF78B}.Release|x64.ActiveCfg = Release|Any CPU
		{4783A2F4-3E68-419D-BE08-2C21488DF78B}.Release|x64.Build.0 = Release|Any CPU
		{888CF4CF-1E04-4E21-86D5-1C3A56CF45E2}.Debug|Any CPU.ActiveCfg = Debug|Any CPU
		{888CF4CF-1E04-4E21-86D5-1C3A56CF45E2}.Debug|Any CPU.Build.0 = Debug|Any CPU
		{888CF4CF-1E04-4E21-86D5-1C3A56CF45E2}.Debug|x64.ActiveCfg = Debug|Any CPU
		{888CF4CF-1E04-4E21-86D5-1C3A56CF45E2}.Debug|x64.Build.0 = Debug|Any CPU
		{888CF4CF-1E04-4E21-86D5-1C3A56CF45E2}.Release|Any CPU.ActiveCfg = Release|Any CPU
		{888CF4CF-1E04-4E21-86D5-1C3A56CF45E2}.Release|Any CPU.Build.0 = Release|Any CPU
		{888CF4CF-1E04-4E21-86D5-1C3A56CF45E2}.Release|x64.ActiveCfg = Release|Any CPU
		{888CF4CF-1E04-4E21-86D5-1C3A56CF45E2}.Release|x64.Build.0 = Release|Any CPU
		{1C6FD348-786C-4606-9490-1F6236FB066B}.Debug|Any CPU.ActiveCfg = Debug|Any CPU
		{1C6FD348-786C-4606-9490-1F6236FB066B}.Debug|Any CPU.Build.0 = Debug|Any CPU
		{1C6FD348-786C-4606-9490-1F6236FB066B}.Debug|x64.ActiveCfg = Debug|Any CPU
		{1C6FD348-786C-4606-9490-1F6236FB066B}.Debug|x64.Build.0 = Debug|Any CPU
		{1C6FD348-786C-4606-9490-1F6236FB066B}.Release|Any CPU.ActiveCfg = Release|Any CPU
		{1C6FD348-786C-4606-9490-1F6236FB066B}.Release|Any CPU.Build.0 = Release|Any CPU
		{1C6FD348-786C-4606-9490-1F6236FB066B}.Release|x64.ActiveCfg = Release|Any CPU
		{1C6FD348-786C-4606-9490-1F6236FB066B}.Release|x64.Build.0 = Release|Any CPU
		{6F7FB38E-A587-4F0C-A18C-BDF83E9BE947}.Debug|Any CPU.ActiveCfg = Debug|Any CPU
		{6F7FB38E-A587-4F0C-A18C-BDF83E9BE947}.Debug|Any CPU.Build.0 = Debug|Any CPU
		{6F7FB38E-A587-4F0C-A18C-BDF83E9BE947}.Debug|x64.ActiveCfg = Debug|x64
		{6F7FB38E-A587-4F0C-A18C-BDF83E9BE947}.Debug|x64.Build.0 = Debug|x64
		{6F7FB38E-A587-4F0C-A18C-BDF83E9BE947}.Release|Any CPU.ActiveCfg = Release|Any CPU
		{6F7FB38E-A587-4F0C-A18C-BDF83E9BE947}.Release|Any CPU.Build.0 = Release|Any CPU
		{6F7FB38E-A587-4F0C-A18C-BDF83E9BE947}.Release|x64.ActiveCfg = Release|Any CPU
		{6F7FB38E-A587-4F0C-A18C-BDF83E9BE947}.Release|x64.Build.0 = Release|Any CPU
		{99BFB279-EACF-476A-A58F-99418CE208D6}.Debug|Any CPU.ActiveCfg = Debug|Any CPU
		{99BFB279-EACF-476A-A58F-99418CE208D6}.Debug|Any CPU.Build.0 = Debug|Any CPU
		{99BFB279-EACF-476A-A58F-99418CE208D6}.Debug|x64.ActiveCfg = Debug|Any CPU
		{99BFB279-EACF-476A-A58F-99418CE208D6}.Debug|x64.Build.0 = Debug|Any CPU
		{99BFB279-EACF-476A-A58F-99418CE208D6}.Release|Any CPU.ActiveCfg = Release|Any CPU
		{99BFB279-EACF-476A-A58F-99418CE208D6}.Release|Any CPU.Build.0 = Release|Any CPU
		{99BFB279-EACF-476A-A58F-99418CE208D6}.Release|x64.ActiveCfg = Release|Any CPU
		{99BFB279-EACF-476A-A58F-99418CE208D6}.Release|x64.Build.0 = Release|Any CPU
		{DFABD91D-1A1A-4BCC-B0D4-9A6F3C5F1F07}.Debug|Any CPU.ActiveCfg = Debug|Any CPU
		{DFABD91D-1A1A-4BCC-B0D4-9A6F3C5F1F07}.Debug|Any CPU.Build.0 = Debug|Any CPU
		{DFABD91D-1A1A-4BCC-B0D4-9A6F3C5F1F07}.Debug|x64.ActiveCfg = Debug|Any CPU
		{DFABD91D-1A1A-4BCC-B0D4-9A6F3C5F1F07}.Debug|x64.Build.0 = Debug|Any CPU
		{DFABD91D-1A1A-4BCC-B0D4-9A6F3C5F1F07}.Release|Any CPU.ActiveCfg = Release|Any CPU
		{DFABD91D-1A1A-4BCC-B0D4-9A6F3C5F1F07}.Release|Any CPU.Build.0 = Release|Any CPU
		{DFABD91D-1A1A-4BCC-B0D4-9A6F3C5F1F07}.Release|x64.ActiveCfg = Release|Any CPU
		{DFABD91D-1A1A-4BCC-B0D4-9A6F3C5F1F07}.Release|x64.Build.0 = Release|Any CPU
		{E63107F1-C3B7-4CA4-81B4-F4269F4188BB}.Debug|Any CPU.ActiveCfg = Debug|Any CPU
		{E63107F1-C3B7-4CA4-81B4-F4269F4188BB}.Debug|Any CPU.Build.0 = Debug|Any CPU
		{E63107F1-C3B7-4CA4-81B4-F4269F4188BB}.Debug|x64.ActiveCfg = Debug|Any CPU
		{E63107F1-C3B7-4CA4-81B4-F4269F4188BB}.Debug|x64.Build.0 = Debug|Any CPU
		{E63107F1-C3B7-4CA4-81B4-F4269F4188BB}.Release|Any CPU.ActiveCfg = Release|Any CPU
		{E63107F1-C3B7-4CA4-81B4-F4269F4188BB}.Release|Any CPU.Build.0 = Release|Any CPU
		{E63107F1-C3B7-4CA4-81B4-F4269F4188BB}.Release|x64.ActiveCfg = Release|Any CPU
		{E63107F1-C3B7-4CA4-81B4-F4269F4188BB}.Release|x64.Build.0 = Release|Any CPU
		{C4220D64-33A1-4B41-8D8A-6F8789816909}.Debug|Any CPU.ActiveCfg = Debug|Any CPU
		{C4220D64-33A1-4B41-8D8A-6F8789816909}.Debug|Any CPU.Build.0 = Debug|Any CPU
		{C4220D64-33A1-4B41-8D8A-6F8789816909}.Debug|x64.ActiveCfg = Debug|Any CPU
		{C4220D64-33A1-4B41-8D8A-6F8789816909}.Debug|x64.Build.0 = Debug|Any CPU
		{C4220D64-33A1-4B41-8D8A-6F8789816909}.Release|Any CPU.ActiveCfg = Release|Any CPU
		{C4220D64-33A1-4B41-8D8A-6F8789816909}.Release|Any CPU.Build.0 = Release|Any CPU
		{C4220D64-33A1-4B41-8D8A-6F8789816909}.Release|x64.ActiveCfg = Release|Any CPU
		{C4220D64-33A1-4B41-8D8A-6F8789816909}.Release|x64.Build.0 = Release|Any CPU
		{4ED53CB2-CEE4-4786-8AF3-968E1C47CFC9}.Debug|Any CPU.ActiveCfg = Debug|Any CPU
		{4ED53CB2-CEE4-4786-8AF3-968E1C47CFC9}.Debug|Any CPU.Build.0 = Debug|Any CPU
		{4ED53CB2-CEE4-4786-8AF3-968E1C47CFC9}.Debug|x64.ActiveCfg = Debug|Any CPU
		{4ED53CB2-CEE4-4786-8AF3-968E1C47CFC9}.Debug|x64.Build.0 = Debug|Any CPU
		{4ED53CB2-CEE4-4786-8AF3-968E1C47CFC9}.Release|Any CPU.ActiveCfg = Release|Any CPU
		{4ED53CB2-CEE4-4786-8AF3-968E1C47CFC9}.Release|Any CPU.Build.0 = Release|Any CPU
		{4ED53CB2-CEE4-4786-8AF3-968E1C47CFC9}.Release|x64.ActiveCfg = Release|Any CPU
		{4ED53CB2-CEE4-4786-8AF3-968E1C47CFC9}.Release|x64.Build.0 = Release|Any CPU
		{F70B2E45-7D33-43AB-985C-BB01CD71CCF0}.Debug|Any CPU.ActiveCfg = Debug|Any CPU
		{F70B2E45-7D33-43AB-985C-BB01CD71CCF0}.Debug|Any CPU.Build.0 = Debug|Any CPU
		{F70B2E45-7D33-43AB-985C-BB01CD71CCF0}.Debug|x64.ActiveCfg = Debug|Any CPU
		{F70B2E45-7D33-43AB-985C-BB01CD71CCF0}.Debug|x64.Build.0 = Debug|Any CPU
		{F70B2E45-7D33-43AB-985C-BB01CD71CCF0}.Release|Any CPU.ActiveCfg = Release|Any CPU
		{F70B2E45-7D33-43AB-985C-BB01CD71CCF0}.Release|Any CPU.Build.0 = Release|Any CPU
		{F70B2E45-7D33-43AB-985C-BB01CD71CCF0}.Release|x64.ActiveCfg = Release|Any CPU
		{F70B2E45-7D33-43AB-985C-BB01CD71CCF0}.Release|x64.Build.0 = Release|Any CPU
		{9834A198-915E-4CAF-971B-A07E627AB706}.Debug|Any CPU.ActiveCfg = Debug|Any CPU
		{9834A198-915E-4CAF-971B-A07E627AB706}.Debug|Any CPU.Build.0 = Debug|Any CPU
		{9834A198-915E-4CAF-971B-A07E627AB706}.Debug|x64.ActiveCfg = Debug|Any CPU
		{9834A198-915E-4CAF-971B-A07E627AB706}.Debug|x64.Build.0 = Debug|Any CPU
		{9834A198-915E-4CAF-971B-A07E627AB706}.Release|Any CPU.ActiveCfg = Release|Any CPU
		{9834A198-915E-4CAF-971B-A07E627AB706}.Release|Any CPU.Build.0 = Release|Any CPU
		{9834A198-915E-4CAF-971B-A07E627AB706}.Release|x64.ActiveCfg = Release|Any CPU
		{9834A198-915E-4CAF-971B-A07E627AB706}.Release|x64.Build.0 = Release|Any CPU
	EndGlobalSection
	GlobalSection(SolutionProperties) = preSolution
		HideSolutionNode = FALSE
	EndGlobalSection
	GlobalSection(ExtensibilityGlobals) = postSolution
		SolutionGuid = {746FEC89-8023-425D-87B4-201E0B82919B}
	EndGlobalSection
EndGlobal
